
Microsoft Visual Studio Solution File, Format Version 12.00
# Visual Studio Version 17
VisualStudioVersion = 17.11.35312.102
MinimumVisualStudioVersion = 10.0.40219.1
Project("{FAE04EC0-301F-11D3-BF4B-00C04F79EFBC}") = "Bookstore", "Bookstore.csproj", "{73F19F1C-8B9F-41B8-B70D-65C71C5CB68A}"
EndProject
Global
	GlobalSection(SolutionConfigurationPlatforms) = preSolution
		Debug|Any CPU = Debug|Any CPU
		Release|Any CPU = Release|Any CPU
	EndGlobalSection
	GlobalSection(ProjectConfigurationPlatforms) = postSolution
		{73F19F1C-8B9F-41B8-B70D-65C71C5CB68A}.Debug|Any CPU.ActiveCfg = Debug|Any CPU
		{73F19F1C-8B9F-41B8-B70D-65C71C5CB68A}.Debug|Any CPU.Build.0 = Debug|Any CPU
		{73F19F1C-8B9F-41B8-B70D-65C71C5CB68A}.Release|Any CPU.ActiveCfg = Release|Any CPU
		{73F19F1C-8B9F-41B8-B70D-65C71C5CB68A}.Release|Any CPU.Build.0 = Release|Any CPU
	EndGlobalSection
	GlobalSection(SolutionProperties) = preSolution
		HideSolutionNode = FALSE
	EndGlobalSection
	GlobalSection(ExtensibilityGlobals) = postSolution
		SolutionGuid = {2D79073A-AFF4-42A4-A0C5-D5B423CE98C3}
	EndGlobalSection
EndGlobal
